
Microsoft Visual Studio Solution File, Format Version 12.00
# Visual Studio Version 16
VisualStudioVersion = 16.0.31112.23
MinimumVisualStudioVersion = 10.0.40219.1
Project("{9A19103F-16F7-4668-BE54-9A1E7A4F7556}") = "sensorapi", "sensorapi.csproj", "{9BFEF369-D41F-471C-8E91-22279B50FC1C}"
EndProject
Global
	GlobalSection(SolutionConfigurationPlatforms) = preSolution
		Debug|Any CPU = Debug|Any CPU
		Release|Any CPU = Release|Any CPU
	EndGlobalSection
	GlobalSection(ProjectConfigurationPlatforms) = postSolution
		{9BFEF369-D41F-471C-8E91-22279B50FC1C}.Debug|Any CPU.ActiveCfg = Debug|Any CPU
		{9BFEF369-D41F-471C-8E91-22279B50FC1C}.Debug|Any CPU.Build.0 = Debug|Any CPU
		{9BFEF369-D41F-471C-8E91-22279B50FC1C}.Release|Any CPU.ActiveCfg = Release|Any CPU
		{9BFEF369-D41F-471C-8E91-22279B50FC1C}.Release|Any CPU.Build.0 = Release|Any CPU
	EndGlobalSection
	GlobalSection(SolutionProperties) = preSolution
		HideSolutionNode = FALSE
	EndGlobalSection
	GlobalSection(ExtensibilityGlobals) = postSolution
		SolutionGuid = {1FA12431-7A0A-420C-9AC5-8C5F5E6BE4BF}
	EndGlobalSection
EndGlobal
